
Microsoft Visual Studio Solution File, Format Version 12.00
# Visual Studio Version 17
VisualStudioVersion = 17.9.34728.123
MinimumVisualStudioVersion = 10.0.40219.1
Project("{2150E333-8FDC-42A3-9474-1A3956D46DE8}") = "Microservices", "Microservices", "{17279588-1209-485D-B23A-6DD02AE73654}"
EndProject
Project("{2150E333-8FDC-42A3-9474-1A3956D46DE8}") = "Domain", "Domain", "{20515C22-301F-4A45-B267-D853C5ECC40E}"
EndProject
Project("{2150E333-8FDC-42A3-9474-1A3956D46DE8}") = "Infra.Bus", "Infra.Bus", "{FFF6221C-FB0C-42C9-8A49-D26B4362E35D}"
EndProject
Project("{2150E333-8FDC-42A3-9474-1A3956D46DE8}") = "Infra.IoC", "Infra.IoC", "{1C700001-0815-4F32-A395-FAA145107654}"
EndProject
Project("{2150E333-8FDC-42A3-9474-1A3956D46DE8}") = "Presentation", "Presentation", "{1E0CEE60-DC4E-4E44-A232-E9DA312EBAF4}"
EndProject
Project("{9A19103F-16F7-4668-BE54-9A1E7A4F7556}") = "MicroRabbit.Domain.Core", "MicroRabbit.Domain.Core\MicroRabbit.Domain.Core.csproj", "{9821D91A-3A2B-4A6C-9EBC-ED99E483F0F4}"
EndProject
Project("{FAE04EC0-301F-11D3-BF4B-00C04F79EFBC}") = "MicroRabbit.Infra.Bus", "MicroRabbit.Infra.Bus\MicroRabbit.Infra.Bus.csproj", "{9194C4D0-2469-42F5-BCB6-000F45E4B321}"
EndProject
Project("{FAE04EC0-301F-11D3-BF4B-00C04F79EFBC}") = "MicroRabbit.Infra.IoC", "MicroRabbit.Infra.IoC\MicroRabbit.Infra.IoC.csproj", "{5CCEEA43-B443-4310-8057-020701B6F83C}"
EndProject
Project("{2150E333-8FDC-42A3-9474-1A3956D46DE8}") = "Baking", "Baking", "{41C0055F-A545-4259-A2D5-170C21E63CF1}"
EndProject
Project("{2150E333-8FDC-42A3-9474-1A3956D46DE8}") = "Api", "Api", "{34DE59E0-BAD7-4C1B-8FF0-EE4028AC62E1}"
EndProject
Project("{2150E333-8FDC-42A3-9474-1A3956D46DE8}") = "Domain", "Domain", "{2CC0DF9F-09BB-478D-B954-BA752EEF64AD}"
EndProject
Project("{2150E333-8FDC-42A3-9474-1A3956D46DE8}") = "Application", "Application", "{177229CD-60A0-408C-BF07-9A19BA63F5C1}"
EndProject
Project("{2150E333-8FDC-42A3-9474-1A3956D46DE8}") = "Data", "Data", "{DBFBAFE6-D8F8-4F7C-893F-E4F81BEF1FF9}"
EndProject
Project("{FAE04EC0-301F-11D3-BF4B-00C04F79EFBC}") = "MicroRabbit.Banking.Application", "MicroRabbit.Banking.Application\MicroRabbit.Banking.Application.csproj", "{CFDCAFFF-4493-434A-AAD7-981577C7233F}"
EndProject
Project("{FAE04EC0-301F-11D3-BF4B-00C04F79EFBC}") = "MicroRabbit.Banking.Data", "MicroRabbit.Banking.Data\MicroRabbit.Banking.Data.csproj", "{23710065-711F-43A6-B4FA-1AB19F5B04DC}"
EndProject
Project("{FAE04EC0-301F-11D3-BF4B-00C04F79EFBC}") = "MicroRabbit.Banking.Domain", "MicroRabbit.Banking.Domain\MicroRabbit.Banking.Domain.csproj", "{8CBB8AEF-2AFA-484D-ACDD-F44A6C564E9D}"
EndProject
Project("{FAE04EC0-301F-11D3-BF4B-00C04F79EFBC}") = "MicroRabbit.Banking.Api", "MicroRabbit.Banking.Api\MicroRabbit.Banking.Api.csproj", "{B2520517-7F70-4C67-A751-96F84FE5F680}"
EndProject
Global
	GlobalSection(SolutionConfigurationPlatforms) = preSolution
		Debug|Any CPU = Debug|Any CPU
		Release|Any CPU = Release|Any CPU
	EndGlobalSection
	GlobalSection(ProjectConfigurationPlatforms) = postSolution
		{9821D91A-3A2B-4A6C-9EBC-ED99E483F0F4}.Debug|Any CPU.ActiveCfg = Debug|Any CPU
		{9821D91A-3A2B-4A6C-9EBC-ED99E483F0F4}.Debug|Any CPU.Build.0 = Debug|Any CPU
		{9821D91A-3A2B-4A6C-9EBC-ED99E483F0F4}.Release|Any CPU.ActiveCfg = Release|Any CPU
		{9821D91A-3A2B-4A6C-9EBC-ED99E483F0F4}.Release|Any CPU.Build.0 = Release|Any CPU
		{9194C4D0-2469-42F5-BCB6-000F45E4B321}.Debug|Any CPU.ActiveCfg = Debug|Any CPU
		{9194C4D0-2469-42F5-BCB6-000F45E4B321}.Debug|Any CPU.Build.0 = Debug|Any CPU
		{9194C4D0-2469-42F5-BCB6-000F45E4B321}.Release|Any CPU.ActiveCfg = Release|Any CPU
		{9194C4D0-2469-42F5-BCB6-000F45E4B321}.Release|Any CPU.Build.0 = Release|Any CPU
		{5CCEEA43-B443-4310-8057-020701B6F83C}.Debug|Any CPU.ActiveCfg = Debug|Any CPU
		{5CCEEA43-B443-4310-8057-020701B6F83C}.Debug|Any CPU.Build.0 = Debug|Any CPU
		{5CCEEA43-B443-4310-8057-020701B6F83C}.Release|Any CPU.ActiveCfg = Release|Any CPU
		{5CCEEA43-B443-4310-8057-020701B6F83C}.Release|Any CPU.Build.0 = Release|Any CPU
		{CFDCAFFF-4493-434A-AAD7-981577C7233F}.Debug|Any CPU.ActiveCfg = Debug|Any CPU
		{CFDCAFFF-4493-434A-AAD7-981577C7233F}.Debug|Any CPU.Build.0 = Debug|Any CPU
		{CFDCAFFF-4493-434A-AAD7-981577C7233F}.Release|Any CPU.ActiveCfg = Release|Any CPU
		{CFDCAFFF-4493-434A-AAD7-981577C7233F}.Release|Any CPU.Build.0 = Release|Any CPU
		{23710065-711F-43A6-B4FA-1AB19F5B04DC}.Debug|Any CPU.ActiveCfg = Debug|Any CPU
		{23710065-711F-43A6-B4FA-1AB19F5B04DC}.Debug|Any CPU.Build.0 = Debug|Any CPU
		{23710065-711F-43A6-B4FA-1AB19F5B04DC}.Release|Any CPU.ActiveCfg = Release|Any CPU
		{23710065-711F-43A6-B4FA-1AB19F5B04DC}.Release|Any CPU.Build.0 = Release|Any CPU
		{8CBB8AEF-2AFA-484D-ACDD-F44A6C564E9D}.Debug|Any CPU.ActiveCfg = Debug|Any CPU
		{8CBB8AEF-2AFA-484D-ACDD-F44A6C564E9D}.Debug|Any CPU.Build.0 = Debug|Any CPU
		{8CBB8AEF-2AFA-484D-ACDD-F44A6C564E9D}.Release|Any CPU.ActiveCfg = Release|Any CPU
		{8CBB8AEF-2AFA-484D-ACDD-F44A6C564E9D}.Release|Any CPU.Build.0 = Release|Any CPU
		{B2520517-7F70-4C67-A751-96F84FE5F680}.Debug|Any CPU.ActiveCfg = Debug|Any CPU
		{B2520517-7F70-4C67-A751-96F84FE5F680}.Debug|Any CPU.Build.0 = Debug|Any CPU
		{B2520517-7F70-4C67-A751-96F84FE5F680}.Release|Any CPU.ActiveCfg = Release|Any CPU
		{B2520517-7F70-4C67-A751-96F84FE5F680}.Release|Any CPU.Build.0 = Release|Any CPU
	EndGlobalSection
	GlobalSection(SolutionProperties) = preSolution
		HideSolutionNode = FALSE
	EndGlobalSection
	GlobalSection(NestedProjects) = preSolution
		{9821D91A-3A2B-4A6C-9EBC-ED99E483F0F4} = {20515C22-301F-4A45-B267-D853C5ECC40E}
		{9194C4D0-2469-42F5-BCB6-000F45E4B321} = {FFF6221C-FB0C-42C9-8A49-D26B4362E35D}
		{5CCEEA43-B443-4310-8057-020701B6F83C} = {1C700001-0815-4F32-A395-FAA145107654}
		{41C0055F-A545-4259-A2D5-170C21E63CF1} = {17279588-1209-485D-B23A-6DD02AE73654}
		{34DE59E0-BAD7-4C1B-8FF0-EE4028AC62E1} = {41C0055F-A545-4259-A2D5-170C21E63CF1}
		{2CC0DF9F-09BB-478D-B954-BA752EEF64AD} = {41C0055F-A545-4259-A2D5-170C21E63CF1}
		{177229CD-60A0-408C-BF07-9A19BA63F5C1} = {41C0055F-A545-4259-A2D5-170C21E63CF1}
		{DBFBAFE6-D8F8-4F7C-893F-E4F81BEF1FF9} = {41C0055F-A545-4259-A2D5-170C21E63CF1}
		{CFDCAFFF-4493-434A-AAD7-981577C7233F} = {177229CD-60A0-408C-BF07-9A19BA63F5C1}
		{23710065-711F-43A6-B4FA-1AB19F5B04DC} = {DBFBAFE6-D8F8-4F7C-893F-E4F81BEF1FF9}
		{8CBB8AEF-2AFA-484D-ACDD-F44A6C564E9D} = {2CC0DF9F-09BB-478D-B954-BA752EEF64AD}
		{B2520517-7F70-4C67-A751-96F84FE5F680} = {34DE59E0-BAD7-4C1B-8FF0-EE4028AC62E1}
	EndGlobalSection
	GlobalSection(ExtensibilityGlobals) = postSolution
		SolutionGuid = {6CEBD301-6FED-4BEA-95C4-3D20B2BDB8E3}
	EndGlobalSection
EndGlobal
